
Microsoft Visual Studio Solution File, Format Version 12.00
# Visual Studio Version 17
VisualStudioVersion = 17.7.34202.233
MinimumVisualStudioVersion = 10.0.40219.1
Project("{FAE04EC0-301F-11D3-BF4B-00C04F79EFBC}") = "Scridon_Grigore_Lab6", "Scridon_Grigore_Lab6.csproj", "{75FA3EBC-228A-43F3-A3C2-584B8B78565F}"
EndProject
Global
	GlobalSection(SolutionConfigurationPlatforms) = preSolution
		Debug|Any CPU = Debug|Any CPU
		Release|Any CPU = Release|Any CPU
	EndGlobalSection
	GlobalSection(ProjectConfigurationPlatforms) = postSolution
		{75FA3EBC-228A-43F3-A3C2-584B8B78565F}.Debug|Any CPU.ActiveCfg = Debug|Any CPU
		{75FA3EBC-228A-43F3-A3C2-584B8B78565F}.Debug|Any CPU.Build.0 = Debug|Any CPU
		{75FA3EBC-228A-43F3-A3C2-584B8B78565F}.Release|Any CPU.ActiveCfg = Release|Any CPU
		{75FA3EBC-228A-43F3-A3C2-584B8B78565F}.Release|Any CPU.Build.0 = Release|Any CPU
	EndGlobalSection
	GlobalSection(SolutionProperties) = preSolution
		HideSolutionNode = FALSE
	EndGlobalSection
	GlobalSection(ExtensibilityGlobals) = postSolution
		SolutionGuid = {6F6821EA-4D32-4CB0-A9DA-E941242A874D}
	EndGlobalSection
EndGlobal
